{
  "object": {
    "pins": [
      {
        "package": "SwiftUIImagePackage",
        "repositoryURL": "https://github.com/sushantubale/SwiftUIImagePackage.git",
        "state": {
          "branch": "master",
          "revision": "56765ba95dd7033fe0e2a21e07720c1d37d9d8bf",
          "version": null
        }
      }
    ]
  },
  "version": 1
}
